
Microsoft Visual Studio Solution File, Format Version 12.00
# Visual Studio Version 16
VisualStudioVersion = 16.0.30611.23
MinimumVisualStudioVersion = 10.0.40219.1
Project("{FAE04EC0-301F-11D3-BF4B-00C04F79EFBC}") = "GAD", "GAD\GAD.csproj", "{E44A3EB5-A50A-43B2-8D68-459CCB6556F7}"
EndProject
Global
	GlobalSection(SolutionConfigurationPlatforms) = preSolution
		Debug|Any CPU = Debug|Any CPU
		Release|Any CPU = Release|Any CPU
	EndGlobalSection
	GlobalSection(ProjectConfigurationPlatforms) = postSolution
		{E44A3EB5-A50A-43B2-8D68-459CCB6556F7}.Debug|Any CPU.ActiveCfg = Debug|Any CPU
		{E44A3EB5-A50A-43B2-8D68-459CCB6556F7}.Debug|Any CPU.Build.0 = Debug|Any CPU
		{E44A3EB5-A50A-43B2-8D68-459CCB6556F7}.Release|Any CPU.ActiveCfg = Release|Any CPU
		{E44A3EB5-A50A-43B2-8D68-459CCB6556F7}.Release|Any CPU.Build.0 = Release|Any CPU
	EndGlobalSection
	GlobalSection(SolutionProperties) = preSolution
		HideSolutionNode = FALSE
	EndGlobalSection
	GlobalSection(ExtensibilityGlobals) = postSolution
		SolutionGuid = {680FF44F-6684-4C4B-B162-43A6A6606D71}
	EndGlobalSection
EndGlobal
